<Solution>
<<<<<<< Updated upstream
  <Project Path="Unity.Timeline.csproj" />
  <Project Path="Unity.RenderPipelines.GPUDriven.Runtime.csproj" />
  <Project Path="Unity.PlasticSCM.Editor.csproj" />
  <Project Path="Unity.ShaderGraph.Editor.csproj" />
  <Project Path="Unity.ProBuilder.csproj" />
  <Project Path="Unity.RenderPipelines.Core.Runtime.csproj" />
  <Project Path="Unity.Mathematics.csproj" />
  <Project Path="Unity.Timeline.Editor.csproj" />
  <Project Path="Unity.Multiplayer.Center.Editor.csproj" />
  <Project Path="Unity.RenderPipelines.Core.Editor.csproj" />
  <Project Path="Unity.Collections.csproj" />
  <Project Path="UnityEngine.UI.csproj" />
  <Project Path="Unity.RenderPipelines.Universal.2D.Runtime.csproj" />
  <Project Path="Unity.ProBuilder.Poly2Tri.csproj" />
  <Project Path="Unity.VisualScripting.Core.Editor.csproj" />
  <Project Path="Unity.RenderPipelines.Universal.Editor.csproj" />
  <Project Path="Pinwheel.Vista.Runtime.csproj" />
  <Project Path="Unity.PerformanceTesting.Editor.csproj" />
  <Project Path="glTFast.Editor.csproj" />
  <Project Path="UnityEngine.TestRunner.csproj" />
  <Project Path="Unity.Burst.csproj" />
  <Project Path="glTFast.csproj" />
  <Project Path="Unity.VisualScripting.Flow.Editor.csproj" />
  <Project Path="Unity.ProBuilder.Csg.csproj" />
  <Project Path="Unity.VisualStudio.Editor.csproj" />
  <Project Path="Unity.InputSystem.csproj" />
  <Project Path="PPv2URPConverters.csproj" />
=======
  <Project Path="Pinwheel.Vista.Runtime.csproj" />
>>>>>>> Stashed changes
  <Project Path="Assembly-CSharp.csproj" />
  <Project Path="Pinwheel.Vista.Editor.csproj" />
  <Project Path="Assembly-CSharp-Editor.csproj" />
</Solution>
